
Microsoft Visual Studio Solution File, Format Version 12.00
Project("{FAE04EC0-301F-11D3-BF4B-00C04F79EFBC}") = "VoiceTextBot", "VoiceTextBot\VoiceTextBot.csproj", "{B480C17D-1325-448F-94F8-7F5D501540CC}"
EndProject
Project("{FAE04EC0-301F-11D3-BF4B-00C04F79EFBC}") = "UtilityBot", "UtilityBot\UtilityBot.csproj", "{1CA980C6-8664-4FCD-B84A-F9809F7B9464}"
EndProject
Global
	GlobalSection(SolutionConfigurationPlatforms) = preSolution
		Debug|Any CPU = Debug|Any CPU
		Release|Any CPU = Release|Any CPU
	EndGlobalSection
	GlobalSection(ProjectConfigurationPlatforms) = postSolution
		{B480C17D-1325-448F-94F8-7F5D501540CC}.Debug|Any CPU.ActiveCfg = Debug|Any CPU
		{B480C17D-1325-448F-94F8-7F5D501540CC}.Debug|Any CPU.Build.0 = Debug|Any CPU
		{B480C17D-1325-448F-94F8-7F5D501540CC}.Release|Any CPU.ActiveCfg = Release|Any CPU
		{B480C17D-1325-448F-94F8-7F5D501540CC}.Release|Any CPU.Build.0 = Release|Any CPU
		{1CA980C6-8664-4FCD-B84A-F9809F7B9464}.Debug|Any CPU.ActiveCfg = Debug|Any CPU
		{1CA980C6-8664-4FCD-B84A-F9809F7B9464}.Debug|Any CPU.Build.0 = Debug|Any CPU
		{1CA980C6-8664-4FCD-B84A-F9809F7B9464}.Release|Any CPU.ActiveCfg = Release|Any CPU
		{1CA980C6-8664-4FCD-B84A-F9809F7B9464}.Release|Any CPU.Build.0 = Release|Any CPU
	EndGlobalSection
EndGlobal
